
Microsoft Visual Studio Solution File, Format Version 12.00
# Visual Studio Version 17
VisualStudioVersion = 17.3.32901.215
MinimumVisualStudioVersion = 10.0.40219.1
Project("{FAE04EC0-301F-11D3-BF4B-00C04F79EFBC}") = "stock", "stock\stock.csproj", "{6C8EE7F8-2DE0-4B2B-9236-F4DB210EABC0}"
EndProject
Project("{FAE04EC0-301F-11D3-BF4B-00C04F79EFBC}") = "stockTests", "stockTests\stockTests.csproj", "{02CB1821-3297-4F8D-92CD-C6DB8F8B0264}"
EndProject
Global
	GlobalSection(SolutionConfigurationPlatforms) = preSolution
		Debug|Any CPU = Debug|Any CPU
		Release|Any CPU = Release|Any CPU
	EndGlobalSection
	GlobalSection(ProjectConfigurationPlatforms) = postSolution
		{6C8EE7F8-2DE0-4B2B-9236-F4DB210EABC0}.Debug|Any CPU.ActiveCfg = Debug|Any CPU
		{6C8EE7F8-2DE0-4B2B-9236-F4DB210EABC0}.Debug|Any CPU.Build.0 = Debug|Any CPU
		{6C8EE7F8-2DE0-4B2B-9236-F4DB210EABC0}.Release|Any CPU.ActiveCfg = Release|Any CPU
		{6C8EE7F8-2DE0-4B2B-9236-F4DB210EABC0}.Release|Any CPU.Build.0 = Release|Any CPU
		{02CB1821-3297-4F8D-92CD-C6DB8F8B0264}.Debug|Any CPU.ActiveCfg = Debug|Any CPU
		{02CB1821-3297-4F8D-92CD-C6DB8F8B0264}.Debug|Any CPU.Build.0 = Debug|Any CPU
		{02CB1821-3297-4F8D-92CD-C6DB8F8B0264}.Release|Any CPU.ActiveCfg = Release|Any CPU
		{02CB1821-3297-4F8D-92CD-C6DB8F8B0264}.Release|Any CPU.Build.0 = Release|Any CPU
	EndGlobalSection
	GlobalSection(SolutionProperties) = preSolution
		HideSolutionNode = FALSE
	EndGlobalSection
	GlobalSection(ExtensibilityGlobals) = postSolution
		SolutionGuid = {800A0AB5-EB69-4866-9A05-0CBBFA7350D0}
	EndGlobalSection
EndGlobal
